
Microsoft Visual Studio Solution File, Format Version 12.00
# Visual Studio 15
VisualStudioVersion = 15.0.27428.2002
MinimumVisualStudioVersion = 10.0.40219.1
Project("{8BC9CEB8-8B4A-11D0-8D11-00A0C91BC942}") = "budget tracker 101", "budget tracker 101\budget tracker 101.vcxproj", "{815AC6BA-EB78-46D4-A789-D305AEC05853}"
EndProject
Global
	GlobalSection(SolutionConfigurationPlatforms) = preSolution
		Debug|x64 = Debug|x64
		Debug|x86 = Debug|x86
		Release|x64 = Release|x64
		Release|x86 = Release|x86
	EndGlobalSection
	GlobalSection(ProjectConfigurationPlatforms) = postSolution
		{815AC6BA-EB78-46D4-A789-D305AEC05853}.Debug|x64.ActiveCfg = Debug|x64
		{815AC6BA-EB78-46D4-A789-D305AEC05853}.Debug|x64.Build.0 = Debug|x64
		{815AC6BA-EB78-46D4-A789-D305AEC05853}.Debug|x86.ActiveCfg = Debug|Win32
		{815AC6BA-EB78-46D4-A789-D305AEC05853}.Debug|x86.Build.0 = Debug|Win32
		{815AC6BA-EB78-46D4-A789-D305AEC05853}.Release|x64.ActiveCfg = Release|x64
		{815AC6BA-EB78-46D4-A789-D305AEC05853}.Release|x64.Build.0 = Release|x64
		{815AC6BA-EB78-46D4-A789-D305AEC05853}.Release|x86.ActiveCfg = Release|Win32
		{815AC6BA-EB78-46D4-A789-D305AEC05853}.Release|x86.Build.0 = Release|Win32
	EndGlobalSection
	GlobalSection(SolutionProperties) = preSolution
		HideSolutionNode = FALSE
	EndGlobalSection
	GlobalSection(ExtensibilityGlobals) = postSolution
		SolutionGuid = {4430DA84-1994-44CD-BBEC-DAFB40EB80F7}
	EndGlobalSection
EndGlobal
